
Microsoft Visual Studio Solution File, Format Version 12.00
# Visual Studio Version 16
VisualStudioVersion = 16.0.29424.173
MinimumVisualStudioVersion = 10.0.40219.1
Project("{FAE04EC0-301F-11D3-BF4B-00C04F79EFBC}") = "CreditIndicator.Services", "CreditIndicator.Services\CreditIndicator.Services.csproj", "{E33D919B-E914-4FFB-97F9-081577EE6F4A}"
EndProject
Project("{FAE04EC0-301F-11D3-BF4B-00C04F79EFBC}") = "CreditIndicator.DAL", "CreditIndicator.DAL\CreditIndicator.DAL.csproj", "{58D45E4A-2593-42C5-B7F5-1AEA80A3BE3B}"
EndProject
Project("{FAE04EC0-301F-11D3-BF4B-00C04F79EFBC}") = "CreditIndicator.Contracts", "CreditIndicator.Contracts\CreditIndicator.Contracts.csproj", "{59F2A6FF-6AB0-4524-8612-2CD52F9E1204}"
EndProject
Project("{FAE04EC0-301F-11D3-BF4B-00C04F79EFBC}") = "CreditIndicator.UnitTest", "CreditIndicator.UnitTest\CreditIndicator.UnitTest.csproj", "{F2D0F020-43B0-4DAE-83EE-8E585D1BB764}"
EndProject
Global
	GlobalSection(SolutionConfigurationPlatforms) = preSolution
		Debug|Any CPU = Debug|Any CPU
		Release|Any CPU = Release|Any CPU
	EndGlobalSection
	GlobalSection(ProjectConfigurationPlatforms) = postSolution
		{E33D919B-E914-4FFB-97F9-081577EE6F4A}.Debug|Any CPU.ActiveCfg = Debug|Any CPU
		{E33D919B-E914-4FFB-97F9-081577EE6F4A}.Debug|Any CPU.Build.0 = Debug|Any CPU
		{E33D919B-E914-4FFB-97F9-081577EE6F4A}.Release|Any CPU.ActiveCfg = Release|Any CPU
		{E33D919B-E914-4FFB-97F9-081577EE6F4A}.Release|Any CPU.Build.0 = Release|Any CPU
		{58D45E4A-2593-42C5-B7F5-1AEA80A3BE3B}.Debug|Any CPU.ActiveCfg = Debug|Any CPU
		{58D45E4A-2593-42C5-B7F5-1AEA80A3BE3B}.Debug|Any CPU.Build.0 = Debug|Any CPU
		{58D45E4A-2593-42C5-B7F5-1AEA80A3BE3B}.Release|Any CPU.ActiveCfg = Release|Any CPU
		{58D45E4A-2593-42C5-B7F5-1AEA80A3BE3B}.Release|Any CPU.Build.0 = Release|Any CPU
		{59F2A6FF-6AB0-4524-8612-2CD52F9E1204}.Debug|Any CPU.ActiveCfg = Debug|Any CPU
		{59F2A6FF-6AB0-4524-8612-2CD52F9E1204}.Debug|Any CPU.Build.0 = Debug|Any CPU
		{59F2A6FF-6AB0-4524-8612-2CD52F9E1204}.Release|Any CPU.ActiveCfg = Release|Any CPU
		{59F2A6FF-6AB0-4524-8612-2CD52F9E1204}.Release|Any CPU.Build.0 = Release|Any CPU
		{F2D0F020-43B0-4DAE-83EE-8E585D1BB764}.Debug|Any CPU.ActiveCfg = Debug|Any CPU
		{F2D0F020-43B0-4DAE-83EE-8E585D1BB764}.Debug|Any CPU.Build.0 = Debug|Any CPU
		{F2D0F020-43B0-4DAE-83EE-8E585D1BB764}.Release|Any CPU.ActiveCfg = Release|Any CPU
		{F2D0F020-43B0-4DAE-83EE-8E585D1BB764}.Release|Any CPU.Build.0 = Release|Any CPU
	EndGlobalSection
	GlobalSection(SolutionProperties) = preSolution
		HideSolutionNode = FALSE
	EndGlobalSection
	GlobalSection(ExtensibilityGlobals) = postSolution
		SolutionGuid = {4A6C35CE-9253-46E2-BD82-14E2893D7B4C}
	EndGlobalSection
EndGlobal
