
Microsoft Visual Studio Solution File, Format Version 12.00
# Visual Studio Version 16
VisualStudioVersion = 16.0.29424.173
MinimumVisualStudioVersion = 10.0.40219.1
Project("{FAE04EC0-301F-11D3-BF4B-00C04F79EFBC}") = "CreditIndicator.Services", "CreditIndicator.Services\CreditIndicator.Services.csproj", "{E33D919B-E914-4FFB-97F9-081577EE6F4A}"
EndProject
Global
	GlobalSection(SolutionConfigurationPlatforms) = preSolution
		Debug|Any CPU = Debug|Any CPU
		Release|Any CPU = Release|Any CPU
	EndGlobalSection
	GlobalSection(ProjectConfigurationPlatforms) = postSolution
		{E33D919B-E914-4FFB-97F9-081577EE6F4A}.Debug|Any CPU.ActiveCfg = Debug|Any CPU
		{E33D919B-E914-4FFB-97F9-081577EE6F4A}.Debug|Any CPU.Build.0 = Debug|Any CPU
		{E33D919B-E914-4FFB-97F9-081577EE6F4A}.Release|Any CPU.ActiveCfg = Release|Any CPU
		{E33D919B-E914-4FFB-97F9-081577EE6F4A}.Release|Any CPU.Build.0 = Release|Any CPU
	EndGlobalSection
	GlobalSection(SolutionProperties) = preSolution
		HideSolutionNode = FALSE
	EndGlobalSection
	GlobalSection(ExtensibilityGlobals) = postSolution
		SolutionGuid = {4A6C35CE-9253-46E2-BD82-14E2893D7B4C}
	EndGlobalSection
EndGlobal
